
Microsoft Visual Studio Solution File, Format Version 12.00
# Visual Studio Version 16
VisualStudioVersion = 16.0.33920.266
MinimumVisualStudioVersion = 10.0.40219.1
Project("{FAE04EC0-301F-11D3-BF4B-00C04F79EFBC}") = "GIT", "GIT.csproj", "{38FD369D-C9D5-4054-97F9-9DA9516B0882}"
EndProject
Global
	GlobalSection(SolutionConfigurationPlatforms) = preSolution
		Debug|Any CPU = Debug|Any CPU
		Release|Any CPU = Release|Any CPU
	EndGlobalSection
	GlobalSection(ProjectConfigurationPlatforms) = postSolution
		{38FD369D-C9D5-4054-97F9-9DA9516B0882}.Debug|Any CPU.ActiveCfg = Debug|Any CPU
		{38FD369D-C9D5-4054-97F9-9DA9516B0882}.Debug|Any CPU.Build.0 = Debug|Any CPU
		{38FD369D-C9D5-4054-97F9-9DA9516B0882}.Release|Any CPU.ActiveCfg = Release|Any CPU
		{38FD369D-C9D5-4054-97F9-9DA9516B0882}.Release|Any CPU.Build.0 = Release|Any CPU
	EndGlobalSection
	GlobalSection(SolutionProperties) = preSolution
		HideSolutionNode = FALSE
	EndGlobalSection
	GlobalSection(ExtensibilityGlobals) = postSolution
		SolutionGuid = {14966FA9-6B66-4886-98FE-45FD9CE5D721}
	EndGlobalSection
EndGlobal
