
Microsoft Visual Studio Solution File, Format Version 12.00
# Visual Studio Version 17
VisualStudioVersion = 17.2.32526.322
MinimumVisualStudioVersion = 10.0.40219.1
Project("{FAE04EC0-301F-11D3-BF4B-00C04F79EFBC}") = "Excecao", "Excecao\Excecao.csproj", "{ACE8ABAA-1714-425B-9D31-FE8727167280}"
EndProject
Project("{FAE04EC0-301F-11D3-BF4B-00C04F79EFBC}") = "ContaBancaria", "ContaBancaria\ContaBancaria.csproj", "{E6958B49-86F6-4C09-915A-D441F7AD640D}"
EndProject
Project("{FAE04EC0-301F-11D3-BF4B-00C04F79EFBC}") = "ContaSemExcecao", "ContaSemExcecao\ContaSemExcecao.csproj", "{73A69190-485C-4333-BD82-64CE8D71FAEF}"
EndProject
Global
	GlobalSection(SolutionConfigurationPlatforms) = preSolution
		Debug|Any CPU = Debug|Any CPU
		Release|Any CPU = Release|Any CPU
	EndGlobalSection
	GlobalSection(ProjectConfigurationPlatforms) = postSolution
		{ACE8ABAA-1714-425B-9D31-FE8727167280}.Debug|Any CPU.ActiveCfg = Debug|Any CPU
		{ACE8ABAA-1714-425B-9D31-FE8727167280}.Debug|Any CPU.Build.0 = Debug|Any CPU
		{ACE8ABAA-1714-425B-9D31-FE8727167280}.Release|Any CPU.ActiveCfg = Release|Any CPU
		{ACE8ABAA-1714-425B-9D31-FE8727167280}.Release|Any CPU.Build.0 = Release|Any CPU
		{E6958B49-86F6-4C09-915A-D441F7AD640D}.Debug|Any CPU.ActiveCfg = Debug|Any CPU
		{E6958B49-86F6-4C09-915A-D441F7AD640D}.Debug|Any CPU.Build.0 = Debug|Any CPU
		{E6958B49-86F6-4C09-915A-D441F7AD640D}.Release|Any CPU.ActiveCfg = Release|Any CPU
		{E6958B49-86F6-4C09-915A-D441F7AD640D}.Release|Any CPU.Build.0 = Release|Any CPU
		{73A69190-485C-4333-BD82-64CE8D71FAEF}.Debug|Any CPU.ActiveCfg = Debug|Any CPU
		{73A69190-485C-4333-BD82-64CE8D71FAEF}.Debug|Any CPU.Build.0 = Debug|Any CPU
		{73A69190-485C-4333-BD82-64CE8D71FAEF}.Release|Any CPU.ActiveCfg = Release|Any CPU
		{73A69190-485C-4333-BD82-64CE8D71FAEF}.Release|Any CPU.Build.0 = Release|Any CPU
	EndGlobalSection
	GlobalSection(SolutionProperties) = preSolution
		HideSolutionNode = FALSE
	EndGlobalSection
	GlobalSection(ExtensibilityGlobals) = postSolution
		SolutionGuid = {E8B2979A-61CF-4DE5-B20E-CCF17ADC0AC1}
	EndGlobalSection
EndGlobal
